
Microsoft Visual Studio Solution File, Format Version 12.00
# Visual Studio Version 16
VisualStudioVersion = 16.0.31105.61
MinimumVisualStudioVersion = 10.0.40219.1
Project("{FAE04EC0-301F-11D3-BF4B-00C04F79EFBC}") = "Madatyan", "Madatyan\Madatyan.csproj", "{19F0AB2D-F360-48D2-B42A-5845252A5B8F}"
EndProject
Global
	GlobalSection(SolutionConfigurationPlatforms) = preSolution
		Debug|Any CPU = Debug|Any CPU
		Release|Any CPU = Release|Any CPU
	EndGlobalSection
	GlobalSection(ProjectConfigurationPlatforms) = postSolution
		{19F0AB2D-F360-48D2-B42A-5845252A5B8F}.Debug|Any CPU.ActiveCfg = Debug|Any CPU
		{19F0AB2D-F360-48D2-B42A-5845252A5B8F}.Debug|Any CPU.Build.0 = Debug|Any CPU
		{19F0AB2D-F360-48D2-B42A-5845252A5B8F}.Release|Any CPU.ActiveCfg = Release|Any CPU
		{19F0AB2D-F360-48D2-B42A-5845252A5B8F}.Release|Any CPU.Build.0 = Release|Any CPU
	EndGlobalSection
	GlobalSection(SolutionProperties) = preSolution
		HideSolutionNode = FALSE
	EndGlobalSection
	GlobalSection(ExtensibilityGlobals) = postSolution
		SolutionGuid = {5F3D4A63-6F00-41CA-A2F6-47C4B1F4A4F0}
	EndGlobalSection
EndGlobal
